// !$*UTF8*$!
{
	archiveVersion = 1;
	classes = {
	};
	objectVersion = 56;
	objects = {

/* Begin PBXBuildFile section */
		61C131EC2A0C17920081D31C /* IkigaiDemoApp.swift in Sources */ = {isa = PBXBuildFile; fileRef = 61C131EB2A0C17920081D31C /* IkigaiDemoApp.swift */; };
		61C131EE2A0C17920081D31C /* Persistence.swift in Sources */ = {isa = PBXBuildFile; fileRef = 61C131ED2A0C17920081D31C /* Persistence.swift */; };
		61C131F12A0C17920081D31C /* IkigaiDemo.xcdatamodeld in Sources */ = {isa = PBXBuildFile; fileRef = 61C131EF2A0C17920081D31C /* IkigaiDemo.xcdatamodeld */; };
		61C131F32A0C17920081D31C /* ContentView.swift in Sources */ = {isa = PBXBuildFile; fileRef = 61C131F22A0C17920081D31C /* ContentView.swift */; };
		61C131F52A0C17930081D31C /* Assets.xcassets in Resources */ = {isa = PBXBuildFile; fileRef = 61C131F42A0C17930081D31C /* Assets.xcassets */; };
		61C131F92A0C17930081D31C /* Preview Assets.xcassets in Resources */ = {isa = PBXBuildFile; fileRef = 61C131F82A0C17930081D31C /* Preview Assets.xcassets */; };
		61C132032A0C18890081D31C /* CommonUI in Frameworks */ = {isa = PBXBuildFile; productRef = 61C132022A0C18890081D31C /* CommonUI */; };
/* End PBXBuildFile section */

/* Begin PBXFileReference section */
		61C131E82A0C17920081D31C /* IkigaiDemo.app */ = {isa = PBXFileReference; explicitFileType = wrapper.application; includeInIndex = 0; path = IkigaiDemo.app; sourceTree = BUILT_PRODUCTS_DIR; };
		61C131EB2A0C17920081D31C /* IkigaiDemoApp.swift */ = {isa = PBXFileReference; lastKnownFileType = sourcecode.swift; path = IkigaiDemoApp.swift; sourceTree = "<group>"; };
		61C131ED2A0C17920081D31C /* Persistence.swift */ = {isa = PBXFileReference; lastKnownFileType = sourcecode.swift; path = Persistence.swift; sourceTree = "<group>"; };
		61C131F02A0C17920081D31C /* IkigaiDemo.xcdatamodel */ = {isa = PBXFileReference; lastKnownFileType = wrapper.xcdatamodel; path = IkigaiDemo.xcdatamodel; sourceTree = "<group>"; };
		61C131F22A0C17920081D31C /* ContentView.swift */ = {isa = PBXFileReference; lastKnownFileType = sourcecode.swift; path = ContentView.swift; sourceTree = "<group>"; };
		61C131F42A0C17930081D31C /* Assets.xcassets */ = {isa = PBXFileReference; lastKnownFileType = folder.assetcatalog; path = Assets.xcassets; sourceTree = "<group>"; };
		61C131F62A0C17930081D31C /* IkigaiDemo.entitlements */ = {isa = PBXFileReference; lastKnownFileType = text.plist.entitlements; path = IkigaiDemo.entitlements; sourceTree = "<group>"; };
		61C131F82A0C17930081D31C /* Preview Assets.xcassets */ = {isa = PBXFileReference; lastKnownFileType = folder.assetcatalog; path = "Preview Assets.xcassets"; sourceTree = "<group>"; };
		61C132002A0C17D20081D31C /* Ikigai */ = {isa = PBXFileReference; lastKnownFileType = wrapper; name = Ikigai; path = ..; sourceTree = "<group>"; };
/* End PBXFileReference section */

/* Begin PBXFrameworksBuildPhase section */
		61C131E52A0C17920081D31C /* Frameworks */ = {
			isa = PBXFrameworksBuildPhase;
			buildActionMask = 2147483647;
			files = (
				61C132032A0C18890081D31C /* CommonUI in Frameworks */,
			);
			runOnlyForDeploymentPostprocessing = 0;
		};
/* End PBXFrameworksBuildPhase section */

/* Begin PBXGroup section */
		61C131DF2A0C17920081D31C = {
			isa = PBXGroup;
			children = (
				61C131FF2A0C17D20081D31C /* Packages */,
				61C131EA2A0C17920081D31C /* IkigaiDemo */,
				61C131E92A0C17920081D31C /* Products */,
				61C132012A0C18040081D31C /* Frameworks */,
			);
			sourceTree = "<group>";
		};
		61C131E92A0C17920081D31C /* Products */ = {
			isa = PBXGroup;
			children = (
				61C131E82A0C17920081D31C /* IkigaiDemo.app */,
			);
			name = Products;
			sourceTree = "<group>";
		};
		61C131EA2A0C17920081D31C /* IkigaiDemo */ = {
			isa = PBXGroup;
			children = (
				61C131EB2A0C17920081D31C /* IkigaiDemoApp.swift */,
				61C131ED2A0C17920081D31C /* Persistence.swift */,
				61C131F22A0C17920081D31C /* ContentView.swift */,
				61C131F42A0C17930081D31C /* Assets.xcassets */,
				61C131F62A0C17930081D31C /* IkigaiDemo.entitlements */,
				61C131EF2A0C17920081D31C /* IkigaiDemo.xcdatamodeld */,
				61C131F72A0C17930081D31C /* Preview Content */,
			);
			path = IkigaiDemo;
			sourceTree = "<group>";
		};
		61C131F72A0C17930081D31C /* Preview Content */ = {
			isa = PBXGroup;
			children = (
				61C131F82A0C17930081D31C /* Preview Assets.xcassets */,
			);
			path = "Preview Content";
			sourceTree = "<group>";
		};
		61C131FF2A0C17D20081D31C /* Packages */ = {
			isa = PBXGroup;
			children = (
				61C132002A0C17D20081D31C /* Ikigai */,
			);
			name = Packages;
			sourceTree = "<group>";
		};
		61C132012A0C18040081D31C /* Frameworks */ = {
			isa = PBXGroup;
			children = (
			);
			name = Frameworks;
			sourceTree = "<group>";
		};
/* End PBXGroup section */

/* Begin PBXNativeTarget section */
		61C131E72A0C17920081D31C /* IkigaiDemo */ = {
			isa = PBXNativeTarget;
			buildConfigurationList = 61C131FC2A0C17930081D31C /* Build configuration list for PBXNativeTarget "IkigaiDemo" */;
			buildPhases = (
				61C131E42A0C17920081D31C /* Sources */,
				61C131E52A0C17920081D31C /* Frameworks */,
				61C131E62A0C17920081D31C /* Resources */,
			);
			buildRules = (
			);
			dependencies = (
			);
			name = IkigaiDemo;
			packageProductDependencies = (
				61C132022A0C18890081D31C /* CommonUI */,
			);
			productName = IkigaiDemo;
			productReference = 61C131E82A0C17920081D31C /* IkigaiDemo.app */;
			productType = "com.apple.product-type.application";
		};
/* End PBXNativeTarget section */

/* Begin PBXProject section */
		61C131E02A0C17920081D31C /* Project object */ = {
			isa = PBXProject;
			attributes = {
				BuildIndependentTargetsInParallel = 1;
				LastSwiftUpdateCheck = 1420;
				LastUpgradeCheck = 1420;
				TargetAttributes = {
					61C131E72A0C17920081D31C = {
						CreatedOnToolsVersion = 14.2;
					};
				};
			};
			buildConfigurationList = 61C131E32A0C17920081D31C /* Build configuration list for PBXProject "IkigaiDemo" */;
			compatibilityVersion = "Xcode 14.0";
			developmentRegion = en;
			hasScannedForEncodings = 0;
			knownRegions = (
				en,
				Base,
			);
			mainGroup = 61C131DF2A0C17920081D31C;
			productRefGroup = 61C131E92A0C17920081D31C /* Products */;
			projectDirPath = "";
			projectRoot = "";
			targets = (
				61C131E72A0C17920081D31C /* IkigaiDemo */,
			);
		};
/* End PBXProject section */

/* Begin PBXResourcesBuildPhase section */
		61C131E62A0C17920081D31C /* Resources */ = {
			isa = PBXResourcesBuildPhase;
			buildActionMask = 2147483647;
			files = (
				61C131F92A0C17930081D31C /* Preview Assets.xcassets in Resources */,
				61C131F52A0C17930081D31C /* Assets.xcassets in Resources */,
			);
			runOnlyForDeploymentPostprocessing = 0;
		};
/* End PBXResourcesBuildPhase section */

/* Begin PBXSourcesBuildPhase section */
		61C131E42A0C17920081D31C /* Sources */ = {
			isa = PBXSourcesBuildPhase;
			buildActionMask = 2147483647;
			files = (
				61C131F12A0C17920081D31C /* IkigaiDemo.xcdatamodeld in Sources */,
				61C131EC2A0C17920081D31C /* IkigaiDemoApp.swift in Sources */,
				61C131F32A0C17920081D31C /* ContentView.swift in Sources */,
				61C131EE2A0C17920081D31C /* Persistence.swift in Sources */,
			);
			runOnlyForDeploymentPostprocessing = 0;
		};
/* End PBXSourcesBuildPhase section */

/* Begin XCBuildConfiguration section */
		61C131FA2A0C17930081D31C /* Debug */ = {
			isa = XCBuildConfiguration;
			buildSettings = {
				ALWAYS_SEARCH_USER_PATHS = NO;
				CLANG_ANALYZER_NONNULL = YES;
				CLANG_ANALYZER_NUMBER_OBJECT_CONVERSION = YES_AGGRESSIVE;
				CLANG_CXX_LANGUAGE_STANDARD = "gnu++20";
				CLANG_ENABLE_MODULES = YES;
				CLANG_ENABLE_OBJC_ARC = YES;
				CLANG_ENABLE_OBJC_WEAK = YES;
				CLANG_WARN_BLOCK_CAPTURE_AUTORELEASING = YES;
				CLANG_WARN_BOOL_CONVERSION = YES;
				CLANG_WARN_COMMA = YES;
				CLANG_WARN_CONSTANT_CONVERSION = YES;
				CLANG_WARN_DEPRECATED_OBJC_IMPLEMENTATIONS = YES;
				CLANG_WARN_DIRECT_OBJC_ISA_USAGE = YES_ERROR;
				CLANG_WARN_DOCUMENTATION_COMMENTS = YES;
				CLANG_WARN_EMPTY_BODY = YES;
				CLANG_WARN_ENUM_CONVERSION = YES;
				CLANG_WARN_INFINITE_RECURSION = YES;
				CLANG_WARN_INT_CONVERSION = YES;
				CLANG_WARN_NON_LITERAL_NULL_CONVERSION = YES;
				CLANG_WARN_OBJC_IMPLICIT_RETAIN_SELF = YES;
				CLANG_WARN_OBJC_LITERAL_CONVERSION = YES;
				CLANG_WARN_OBJC_ROOT_CLASS = YES_ERROR;
				CLANG_WARN_QUOTED_INCLUDE_IN_FRAMEWORK_HEADER = YES;
				CLANG_WARN_RANGE_LOOP_ANALYSIS = YES;
				CLANG_WARN_STRICT_PROTOTYPES = YES;
				CLANG_WARN_SUSPICIOUS_MOVE = YES;
				CLANG_WARN_UNGUARDED_AVAILABILITY = YES_AGGRESSIVE;
				CLANG_WARN_UNREACHABLE_CODE = YES;
				CLANG_WARN__DUPLICATE_METHOD_MATCH = YES;
				COPY_PHASE_STRIP = NO;
				DEBUG_INFORMATION_FORMAT = dwarf;
				ENABLE_STRICT_OBJC_MSGSEND = YES;
				ENABLE_TESTABILITY = YES;
				GCC_C_LANGUAGE_STANDARD = gnu11;
				GCC_DYNAMIC_NO_PIC = NO;
				GCC_NO_COMMON_BLOCKS = YES;
				GCC_OPTIMIZATION_LEVEL = 0;
				GCC_PREPROCESSOR_DEFINITIONS = (
					"DEBUG=1",
					"$(inherited)",
				);
				GCC_WARN_64_TO_32_BIT_CONVERSION = YES;
				GCC_WARN_ABOUT_RETURN_TYPE = YES_ERROR;
				GCC_WARN_UNDECLARED_SELECTOR = YES;
				GCC_WARN_UNINITIALIZED_AUTOS = YES_AGGRESSIVE;
				GCC_WARN_UNUSED_FUNCTION = YES;
				GCC_WARN_UNUSED_VARIABLE = YES;
				MTL_ENABLE_DEBUG_INFO = INCLUDE_SOURCE;
				MTL_FAST_MATH = YES;
				ONLY_ACTIVE_ARCH = YES;
				SWIFT_ACTIVE_COMPILATION_CONDITIONS = DEBUG;
				SWIFT_OPTIMIZATION_LEVEL = "-Onone";
			};
			name = Debug;
		};
		61C131FB2A0C17930081D31C /* Release */ = {
			isa = XCBuildConfiguration;
			buildSettings = {
				ALWAYS_SEARCH_USER_PATHS = NO;
				CLANG_ANALYZER_NONNULL = YES;
				CLANG_ANALYZER_NUMBER_OBJECT_CONVERSION = YES_AGGRESSIVE;
				CLANG_CXX_LANGUAGE_STANDARD = "gnu++20";
				CLANG_ENABLE_MODULES = YES;
				CLANG_ENABLE_OBJC_ARC = YES;
				CLANG_ENABLE_OBJC_WEAK = YES;
				CLANG_WARN_BLOCK_CAPTURE_AUTORELEASING = YES;
				CLANG_WARN_BOOL_CONVERSION = YES;
				CLANG_WARN_COMMA = YES;
				CLANG_WARN_CONSTANT_CONVERSION = YES;
				CLANG_WARN_DEPRECATED_OBJC_IMPLEMENTATIONS = YES;
				CLANG_WARN_DIRECT_OBJC_ISA_USAGE = YES_ERROR;
				CLANG_WARN_DOCUMENTATION_COMMENTS = YES;
				CLANG_WARN_EMPTY_BODY = YES;
				CLANG_WARN_ENUM_CONVERSION = YES;
				CLANG_WARN_INFINITE_RECURSION = YES;
				CLANG_WARN_INT_CONVERSION = YES;
				CLANG_WARN_NON_LITERAL_NULL_CONVERSION = YES;
				CLANG_WARN_OBJC_IMPLICIT_RETAIN_SELF = YES;
				CLANG_WARN_OBJC_LITERAL_CONVERSION = YES;
				CLANG_WARN_OBJC_ROOT_CLASS = YES_ERROR;
				CLANG_WARN_QUOTED_INCLUDE_IN_FRAMEWORK_HEADER = YES;
				CLANG_WARN_RANGE_LOOP_ANALYSIS = YES;
				CLANG_WARN_STRICT_PROTOTYPES = YES;
				CLANG_WARN_SUSPICIOUS_MOVE = YES;
				CLANG_WARN_UNGUARDED_AVAILABILITY = YES_AGGRESSIVE;
				CLANG_WARN_UNREACHABLE_CODE = YES;
				CLANG_WARN__DUPLICATE_METHOD_MATCH = YES;
				COPY_PHASE_STRIP = NO;
				DEBUG_INFORMATION_FORMAT = "dwarf-with-dsym";
				ENABLE_NS_ASSERTIONS = NO;
				ENABLE_STRICT_OBJC_MSGSEND = YES;
				GCC_C_LANGUAGE_STANDARD = gnu11;
				GCC_NO_COMMON_BLOCKS = YES;
				GCC_WARN_64_TO_32_BIT_CONVERSION = YES;
				GCC_WARN_ABOUT_RETURN_TYPE = YES_ERROR;
				GCC_WARN_UNDECLARED_SELECTOR = YES;
				GCC_WARN_UNINITIALIZED_AUTOS = YES_AGGRESSIVE;
				GCC_WARN_UNUSED_FUNCTION = YES;
				GCC_WARN_UNUSED_VARIABLE = YES;
				MTL_ENABLE_DEBUG_INFO = NO;
				MTL_FAST_MATH = YES;
				SWIFT_COMPILATION_MODE = wholemodule;
				SWIFT_OPTIMIZATION_LEVEL = "-O";
			};
			name = Release;
		};
		61C131FD2A0C17930081D31C /* Debug */ = {
			isa = XCBuildConfiguration;
			buildSettings = {
				ASSETCATALOG_COMPILER_APPICON_NAME = AppIcon;
				ASSETCATALOG_COMPILER_GLOBAL_ACCENT_COLOR_NAME = AccentColor;
				CODE_SIGN_ENTITLEMENTS = IkigaiDemo/IkigaiDemo.entitlements;
				CODE_SIGN_STYLE = Automatic;
				CURRENT_PROJECT_VERSION = 1;
				DEVELOPMENT_ASSET_PATHS = "\"IkigaiDemo/Preview Content\"";
				DEVELOPMENT_TEAM = SP7UUHBXPL;
				ENABLE_HARDENED_RUNTIME = YES;
				ENABLE_PREVIEWS = YES;
				GENERATE_INFOPLIST_FILE = YES;
				INFOPLIST_KEY_NSFaceIDUsageDescription = "Used to verify you";
				"INFOPLIST_KEY_UIApplicationSceneManifest_Generation[sdk=iphoneos*]" = YES;
				"INFOPLIST_KEY_UIApplicationSceneManifest_Generation[sdk=iphonesimulator*]" = YES;
				"INFOPLIST_KEY_UIApplicationSupportsIndirectInputEvents[sdk=iphoneos*]" = YES;
				"INFOPLIST_KEY_UIApplicationSupportsIndirectInputEvents[sdk=iphonesimulator*]" = YES;
				"INFOPLIST_KEY_UILaunchScreen_Generation[sdk=iphoneos*]" = YES;
				"INFOPLIST_KEY_UILaunchScreen_Generation[sdk=iphonesimulator*]" = YES;
				"INFOPLIST_KEY_UIStatusBarStyle[sdk=iphoneos*]" = UIStatusBarStyleDefault;
				"INFOPLIST_KEY_UIStatusBarStyle[sdk=iphonesimulator*]" = UIStatusBarStyleDefault;
				INFOPLIST_KEY_UISupportedInterfaceOrientations_iPad = "UIInterfaceOrientationPortrait UIInterfaceOrientationPortraitUpsideDown UIInterfaceOrientationLandscapeLeft UIInterfaceOrientationLandscapeRight";
				INFOPLIST_KEY_UISupportedInterfaceOrientations_iPhone = "UIInterfaceOrientationPortrait UIInterfaceOrientationLandscapeLeft UIInterfaceOrientationLandscapeRight";
				IPHONEOS_DEPLOYMENT_TARGET = 16.2;
				LD_RUNPATH_SEARCH_PATHS = "@executable_path/Frameworks";
				"LD_RUNPATH_SEARCH_PATHS[sdk=macosx*]" = "@executable_path/../Frameworks";
				MACOSX_DEPLOYMENT_TARGET = 13.1;
				MARKETING_VERSION = 1.0;
				PRODUCT_BUNDLE_IDENTIFIER = com.45bitstudios.IkigaiDemo;
				PRODUCT_NAME = "$(TARGET_NAME)";
				SDKROOT = auto;
				SUPPORTED_PLATFORMS = "iphoneos iphonesimulator macosx";
				SWIFT_EMIT_LOC_STRINGS = YES;
				SWIFT_VERSION = 5.0;
				TARGETED_DEVICE_FAMILY = "1,2";
			};
			name = Debug;
		};
		61C131FE2A0C17930081D31C /* Release */ = {
			isa = XCBuildConfiguration;
			buildSettings = {
				ASSETCATALOG_COMPILER_APPICON_NAME = AppIcon;
				ASSETCATALOG_COMPILER_GLOBAL_ACCENT_COLOR_NAME = AccentColor;
				CODE_SIGN_ENTITLEMENTS = IkigaiDemo/IkigaiDemo.entitlements;
				CODE_SIGN_STYLE = Automatic;
				CURRENT_PROJECT_VERSION = 1;
				DEVELOPMENT_ASSET_PATHS = "\"IkigaiDemo/Preview Content\"";
				DEVELOPMENT_TEAM = SP7UUHBXPL;
				ENABLE_HARDENED_RUNTIME = YES;
				ENABLE_PREVIEWS = YES;
				GENERATE_INFOPLIST_FILE = YES;
				INFOPLIST_KEY_NSFaceIDUsageDescription = "Used to verify you";
				"INFOPLIST_KEY_UIApplicationSceneManifest_Generation[sdk=iphoneos*]" = YES;
				"INFOPLIST_KEY_UIApplicationSceneManifest_Generation[sdk=iphonesimulator*]" = YES;
				"INFOPLIST_KEY_UIApplicationSupportsIndirectInputEvents[sdk=iphoneos*]" = YES;
				"INFOPLIST_KEY_UIApplicationSupportsIndirectInputEvents[sdk=iphonesimulator*]" = YES;
				"INFOPLIST_KEY_UILaunchScreen_Generation[sdk=iphoneos*]" = YES;
				"INFOPLIST_KEY_UILaunchScreen_Generation[sdk=iphonesimulator*]" = YES;
				"INFOPLIST_KEY_UIStatusBarStyle[sdk=iphoneos*]" = UIStatusBarStyleDefault;
				"INFOPLIST_KEY_UIStatusBarStyle[sdk=iphonesimulator*]" = UIStatusBarStyleDefault;
				INFOPLIST_KEY_UISupportedInterfaceOrientations_iPad = "UIInterfaceOrientationPortrait UIInterfaceOrientationPortraitUpsideDown UIInterfaceOrientationLandscapeLeft UIInterfaceOrientationLandscapeRight";
				INFOPLIST_KEY_UISupportedInterfaceOrientations_iPhone = "UIInterfaceOrientationPortrait UIInterfaceOrientationLandscapeLeft UIInterfaceOrientationLandscapeRight";
				IPHONEOS_DEPLOYMENT_TARGET = 16.2;
				LD_RUNPATH_SEARCH_PATHS = "@executable_path/Frameworks";
				"LD_RUNPATH_SEARCH_PATHS[sdk=macosx*]" = "@executable_path/../Frameworks";
				MACOSX_DEPLOYMENT_TARGET = 13.1;
				MARKETING_VERSION = 1.0;
				PRODUCT_BUNDLE_IDENTIFIER = com.45bitstudios.IkigaiDemo;
				PRODUCT_NAME = "$(TARGET_NAME)";
				SDKROOT = auto;
				SUPPORTED_PLATFORMS = "iphoneos iphonesimulator macosx";
				SWIFT_EMIT_LOC_STRINGS = YES;
				SWIFT_VERSION = 5.0;
				TARGETED_DEVICE_FAMILY = "1,2";
			};
			name = Release;
		};
/* End XCBuildConfiguration section */

/* Begin XCConfigurationList section */
		61C131E32A0C17920081D31C /* Build configuration list for PBXProject "IkigaiDemo" */ = {
			isa = XCConfigurationList;
			buildConfigurations = (
				61C131FA2A0C17930081D31C /* Debug */,
				61C131FB2A0C17930081D31C /* Release */,
			);
			defaultConfigurationIsVisible = 0;
			defaultConfigurationName = Release;
		};
		61C131FC2A0C17930081D31C /* Build configuration list for PBXNativeTarget "IkigaiDemo" */ = {
			isa = XCConfigurationList;
			buildConfigurations = (
				61C131FD2A0C17930081D31C /* Debug */,
				61C131FE2A0C17930081D31C /* Release */,
			);
			defaultConfigurationIsVisible = 0;
			defaultConfigurationName = Release;
		};
/* End XCConfigurationList section */

/* Begin XCSwiftPackageProductDependency section */
		61C132022A0C18890081D31C /* CommonUI */ = {
			isa = XCSwiftPackageProductDependency;
			productName = CommonUI;
		};
/* End XCSwiftPackageProductDependency section */

/* Begin XCVersionGroup section */
		61C131EF2A0C17920081D31C /* IkigaiDemo.xcdatamodeld */ = {
			isa = XCVersionGroup;
			children = (
				61C131F02A0C17920081D31C /* IkigaiDemo.xcdatamodel */,
			);
			currentVersion = 61C131F02A0C17920081D31C /* IkigaiDemo.xcdatamodel */;
			path = IkigaiDemo.xcdatamodeld;
			sourceTree = "<group>";
			versionGroupType = wrapper.xcdatamodel;
		};
/* End XCVersionGroup section */
	};
	rootObject = 61C131E02A0C17920081D31C /* Project object */;
}
